
Microsoft Visual Studio Solution File, Format Version 12.00
# Visual Studio Version 16
VisualStudioVersion = 16.0.28803.156
MinimumVisualStudioVersion = 10.0.40219.1
Project("{9A19103F-16F7-4668-BE54-9A1E7A4F7556}") = "Gibbed.Aion.ConvertXml", "projects\Gibbed.Aion.ConvertXml\Gibbed.Aion.ConvertXml.csproj", "{27933863-B03E-450B-AFD0-43DFF723079E}"
EndProject
Project("{9A19103F-16F7-4668-BE54-9A1E7A4F7556}") = "Gibbed.Aion.FileFormats", "projects\Gibbed.Aion.FileFormats\Gibbed.Aion.FileFormats.csproj", "{73BE0945-5719-4189-95F5-56A1BB970554}"
EndProject
Project("{9A19103F-16F7-4668-BE54-9A1E7A4F7556}") = "Gibbed.IO", "projects\Gibbed.IO\Gibbed.IO.csproj", "{047857BA-DAA3-4CA7-AFB8-A1B082B28C6A}"
EndProject
Project("{9A19103F-16F7-4668-BE54-9A1E7A4F7556}") = "NDesk.Options", "projects\NDesk.Options\NDesk.Options.csproj", "{C98A6CD6-9422-4B35-8B7A-F520D75534D1}"
EndProject
Global
	GlobalSection(SolutionConfigurationPlatforms) = preSolution
		Debug|Any CPU = Debug|Any CPU
		Release|Any CPU = Release|Any CPU
	EndGlobalSection
	GlobalSection(ProjectConfigurationPlatforms) = postSolution
		{27933863-B03E-450B-AFD0-43DFF723079E}.Debug|Any CPU.ActiveCfg = Debug|Any CPU
		{27933863-B03E-450B-AFD0-43DFF723079E}.Debug|Any CPU.Build.0 = Debug|Any CPU
		{27933863-B03E-450B-AFD0-43DFF723079E}.Release|Any CPU.ActiveCfg = Release|Any CPU
		{27933863-B03E-450B-AFD0-43DFF723079E}.Release|Any CPU.Build.0 = Release|Any CPU
		{73BE0945-5719-4189-95F5-56A1BB970554}.Debug|Any CPU.ActiveCfg = Debug|Any CPU
		{73BE0945-5719-4189-95F5-56A1BB970554}.Debug|Any CPU.Build.0 = Debug|Any CPU
		{73BE0945-5719-4189-95F5-56A1BB970554}.Release|Any CPU.ActiveCfg = Release|Any CPU
		{73BE0945-5719-4189-95F5-56A1BB970554}.Release|Any CPU.Build.0 = Release|Any CPU
		{047857BA-DAA3-4CA7-AFB8-A1B082B28C6A}.Debug|Any CPU.ActiveCfg = Debug|Any CPU
		{047857BA-DAA3-4CA7-AFB8-A1B082B28C6A}.Debug|Any CPU.Build.0 = Debug|Any CPU
		{047857BA-DAA3-4CA7-AFB8-A1B082B28C6A}.Release|Any CPU.ActiveCfg = Release|Any CPU
		{047857BA-DAA3-4CA7-AFB8-A1B082B28C6A}.Release|Any CPU.Build.0 = Release|Any CPU
		{C98A6CD6-9422-4B35-8B7A-F520D75534D1}.Debug|Any CPU.ActiveCfg = Debug|Any CPU
		{C98A6CD6-9422-4B35-8B7A-F520D75534D1}.Debug|Any CPU.Build.0 = Debug|Any CPU
		{C98A6CD6-9422-4B35-8B7A-F520D75534D1}.Release|Any CPU.ActiveCfg = Release|Any CPU
		{C98A6CD6-9422-4B35-8B7A-F520D75534D1}.Release|Any CPU.Build.0 = Release|Any CPU
	EndGlobalSection
	GlobalSection(SolutionProperties) = preSolution
		HideSolutionNode = FALSE
	EndGlobalSection
	GlobalSection(ExtensibilityGlobals) = postSolution
		SolutionGuid = {D7CDA336-BB58-448A-8497-353309494697}
	EndGlobalSection
EndGlobal
